
Microsoft Visual Studio Solution File, Format Version 12.00
# Visual Studio Version 16
VisualStudioVersion = 16.0.29306.81
MinimumVisualStudioVersion = 10.0.40219.1
Project("{FAE04EC0-301F-11D3-BF4B-00C04F79EFBC}") = "SharpStat", "SharpStat\SharpStat.csproj", "{FFC5C721-49C8-448D-8FF4-2E3A7B7CC383}"
EndProject
Global
	GlobalSection(SolutionConfigurationPlatforms) = preSolution
		Debug|Any CPU = Debug|Any CPU
		Release|Any CPU = Release|Any CPU
	EndGlobalSection
	GlobalSection(ProjectConfigurationPlatforms) = postSolution
		{FFC5C721-49C8-448D-8FF4-2E3A7B7CC383}.Debug|Any CPU.ActiveCfg = Debug|Any CPU
		{FFC5C721-49C8-448D-8FF4-2E3A7B7CC383}.Debug|Any CPU.Build.0 = Debug|Any CPU
		{FFC5C721-49C8-448D-8FF4-2E3A7B7CC383}.Release|Any CPU.ActiveCfg = Release|Any CPU
		{FFC5C721-49C8-448D-8FF4-2E3A7B7CC383}.Release|Any CPU.Build.0 = Release|Any CPU
	EndGlobalSection
	GlobalSection(SolutionProperties) = preSolution
		HideSolutionNode = FALSE
	EndGlobalSection
	GlobalSection(ExtensibilityGlobals) = postSolution
		SolutionGuid = {95BFB5B1-322B-4320-8572-B9156C461269}
	EndGlobalSection
EndGlobal
